// !$*UTF8*$!
{
	archiveVersion = 1;
	classes = {
	};
	objectVersion = 54;
	objects = {

/* Begin PBXBuildFile section */
		058557D9273AAEEB004C7B11 /* Preview Assets.xcassets in Resources */ = {isa = PBXBuildFile; fileRef = 058557D8273AAEEB004C7B11 /* Preview Assets.xcassets */; };
		091BEDE52E6FCC300034EE6E /* FirebaseAnalytics in Frameworks */ = {isa = PBXBuildFile; productRef = 091BEDE42E6FCC300034EE6E /* FirebaseAnalytics */; };
		091BEDE72E6FCC440034EE6E /* FirebaseAnalytics in Frameworks */ = {isa = PBXBuildFile; productRef = 091BEDE62E6FCC440034EE6E /* FirebaseAnalytics */; };
		09A7BDAB2E84EB60006DAC5D /* SeasonalUtils.swift in Sources */ = {isa = PBXBuildFile; fileRef = 09A7BDAA2E84EB60006DAC5D /* SeasonalUtils.swift */; };
		09BC03732E7A59280067FC7D /* FontExtensions.swift in Sources */ = {isa = PBXBuildFile; fileRef = 09BC03722E7A59280067FC7D /* FontExtensions.swift */; };
		09E0CAB72E712B0400FAB725 /* Assets.xcassets in Resources */ = {isa = PBXBuildFile; fileRef = 09E0CAB62E712B0400FAB725 /* Assets.xcassets */; };
		2152FB042600AC8F00CF470E /* iOSApp.swift in Sources */ = {isa = PBXBuildFile; fileRef = 2152FB032600AC8F00CF470E /* iOSApp.swift */; };
		7555FF83242A565900829871 /* ContentView.swift in Sources */ = {isa = PBXBuildFile; fileRef = 7555FF82242A565900829871 /* ContentView.swift */; };
		AA34DA372BB0F7F600DB50A0 /* Assets.xcassets in Resources */ = {isa = PBXBuildFile; fileRef = AA34DA362BB0F7F600DB50A0 /* Assets.xcassets */; };
		AA34DA382BB0F7F600DB50A0 /* Assets.xcassets in Resources */ = {isa = PBXBuildFile; fileRef = AA34DA362BB0F7F600DB50A0 /* Assets.xcassets */; };
		AA9B5F7C2C1F831C00251F59 /* DepartureBoardStations.swift in Sources */ = {isa = PBXBuildFile; fileRef = AA9B5F7B2C1F831C00251F59 /* DepartureBoardStations.swift */; };
		AA9B5F7E2C1F83C100251F59 /* ViewExtensions.swift in Sources */ = {isa = PBXBuildFile; fileRef = AA9B5F7D2C1F83C100251F59 /* ViewExtensions.swift */; };
		AA9B5F802C1FC7B000251F59 /* UngroupedStationView.swift in Sources */ = {isa = PBXBuildFile; fileRef = AA9B5F7F2C1FC7B000251F59 /* UngroupedStationView.swift */; };
		AA9B5F822C23380B00251F59 /* GroupedStationView.swift in Sources */ = {isa = PBXBuildFile; fileRef = AA9B5F812C23380B00251F59 /* GroupedStationView.swift */; };
		AA9B5F842C23383800251F59 /* ColorCircle.swift in Sources */ = {isa = PBXBuildFile; fileRef = AA9B5F832C23383800251F59 /* ColorCircle.swift */; };
		AA9B5F862C233A6900251F59 /* StationTitle.swift in Sources */ = {isa = PBXBuildFile; fileRef = AA9B5F852C233A6900251F59 /* StationTitle.swift */; };
		AA9B5F882C23785800251F59 /* EntryView.swift in Sources */ = {isa = PBXBuildFile; fileRef = AA9B5F872C23785800251F59 /* EntryView.swift */; };
		AAB47C192B15A46400079022 /* WidgetKit.framework in Frameworks */ = {isa = PBXBuildFile; fileRef = AAB47C182B15A46400079022 /* WidgetKit.framework */; };
		AAB47C1B2B15A46400079022 /* SwiftUI.framework in Frameworks */ = {isa = PBXBuildFile; fileRef = AAB47C1A2B15A46400079022 /* SwiftUI.framework */; };
		AAB47C1E2B15A46400079022 /* widgetBundle.swift in Sources */ = {isa = PBXBuildFile; fileRef = AAB47C1D2B15A46400079022 /* widgetBundle.swift */; };
		AAB47C202B15A46400079022 /* widget.swift in Sources */ = {isa = PBXBuildFile; fileRef = AAB47C1F2B15A46400079022 /* widget.swift */; };
		AAB47C282B15A46500079022 /* widgetExtension.appex in Embed Foundation Extensions */ = {isa = PBXBuildFile; fileRef = AAB47C172B15A46400079022 /* widgetExtension.appex */; settings = {ATTRIBUTES = (RemoveHeadersOnCopy, ); }; };
		AAB47C392B15AB7700079022 /* WidgetConfigurationUtils.swift in Sources */ = {isa = PBXBuildFile; fileRef = AAB47C382B15AB7700079022 /* WidgetConfigurationUtils.swift */; };
		AAB47C3A2B15AB9600079022 /* DepartureBoardView.swift in Sources */ = {isa = PBXBuildFile; fileRef = AAB47C322B15AAF500079022 /* DepartureBoardView.swift */; };
		AAB47C3B2B15AB9600079022 /* ConfigurationAppIntent.swift in Sources */ = {isa = PBXBuildFile; fileRef = AAB47C342B15AB4200079022 /* ConfigurationAppIntent.swift */; };
		AAB47C3C2B15AB9600079022 /* Interop.swift in Sources */ = {isa = PBXBuildFile; fileRef = AAB47C362B15AB5D00079022 /* Interop.swift */; };
		AAB47C3E2B15ABB800079022 /* EmptyDepartureBoardView.swift in Sources */ = {isa = PBXBuildFile; fileRef = AAB47C3D2B15ABB800079022 /* EmptyDepartureBoardView.swift */; };
		AAB47C402B15AD2300079022 /* RefreshIntent.swift in Sources */ = {isa = PBXBuildFile; fileRef = AAB47C3F2B15AD2300079022 /* RefreshIntent.swift */; };
		AAB47C422B15AD3200079022 /* WidgetInterop.swift in Sources */ = {isa = PBXBuildFile; fileRef = AAB47C412B15AD3200079022 /* WidgetInterop.swift */; };
		AAB47C442B15AD4000079022 /* FetchResult.swift in Sources */ = {isa = PBXBuildFile; fileRef = AAB47C432B15AD4000079022 /* FetchResult.swift */; };
		AAB47C462B165AC300079022 /* Interop.swift in Sources */ = {isa = PBXBuildFile; fileRef = AAB47C362B15AB5D00079022 /* Interop.swift */; };
		AAB47C482B1660D800079022 /* Localizable.xcstrings in Resources */ = {isa = PBXBuildFile; fileRef = AAB47C472B1660D800079022 /* Localizable.xcstrings */; };
		AAB47C4A2B16625300079022 /* InfoPlist.xcstrings in Resources */ = {isa = PBXBuildFile; fileRef = AAB47C492B16625300079022 /* InfoPlist.xcstrings */; };
		AAC0B8272B7278DD00DC7552 /* FirebaseAnalyticsWithoutAdIdSupport in Frameworks */ = {isa = PBXBuildFile; productRef = AAD500092B72764A00D6F505 /* FirebaseAnalyticsWithoutAdIdSupport */; };
		AAC0B8282B7278DD00DC7552 /* FirebaseCrashlytics in Frameworks */ = {isa = PBXBuildFile; productRef = AAD5000A2B72764A00D6F505 /* FirebaseCrashlytics */; };
		AAD500062B7275F400D6F505 /* GoogleService-Info.plist in Resources */ = {isa = PBXBuildFile; fileRef = AAD500052B7275F400D6F505 /* GoogleService-Info.plist */; };
		AAD500072B7275F400D6F505 /* GoogleService-Info.plist in Resources */ = {isa = PBXBuildFile; fileRef = AAD500052B7275F400D6F505 /* GoogleService-Info.plist */; };
		AAD5000C2B72768800D6F505 /* AppDelegate.swift in Sources */ = {isa = PBXBuildFile; fileRef = AAD5000B2B72768800D6F505 /* AppDelegate.swift */; };
		AAD500102B72782000D6F505 /* FirebaseAnalyticsSwift in Frameworks */ = {isa = PBXBuildFile; productRef = AAD5000F2B72782000D6F505 /* FirebaseAnalyticsSwift */; };
		AAD500122B72783400D6F505 /* FirebasePerformance in Frameworks */ = {isa = PBXBuildFile; productRef = AAD500112B72783400D6F505 /* FirebasePerformance */; };
		AAD56F262D0BF449001EE80B /* WidgetReloader.swift in Sources */ = {isa = PBXBuildFile; fileRef = AAD56F252D0BF449001EE80B /* WidgetReloader.swift */; };
		AAD56F272D0BF449001EE80B /* WidgetReloader.swift in Sources */ = {isa = PBXBuildFile; fileRef = AAD56F252D0BF449001EE80B /* WidgetReloader.swift */; };
		AAF007B32C4DC88600D54649 /* LocationHelper.swift in Sources */ = {isa = PBXBuildFile; fileRef = AAF007B22C4DC88600D54649 /* LocationHelper.swift */; };
		AAF007B42C4DC88600D54649 /* LocationHelper.swift in Sources */ = {isa = PBXBuildFile; fileRef = AAF007B22C4DC88600D54649 /* LocationHelper.swift */; };
/* End PBXBuildFile section */

/* Begin PBXContainerItemProxy section */
		AAB47C262B15A46500079022 /* PBXContainerItemProxy */ = {
			isa = PBXContainerItemProxy;
			containerPortal = 7555FF73242A565900829871 /* Project object */;
			proxyType = 1;
			remoteGlobalIDString = AAB47C162B15A46400079022;
			remoteInfo = widgetExtension;
		};
/* End PBXContainerItemProxy section */

/* Begin PBXCopyFilesBuildPhase section */
		AAB47C2C2B15A46500079022 /* Embed Foundation Extensions */ = {
			isa = PBXCopyFilesBuildPhase;
			buildActionMask = 2147483647;
			dstPath = "";
			dstSubfolderSpec = 13;
			files = (
				AAB47C282B15A46500079022 /* widgetExtension.appex in Embed Foundation Extensions */,
			);
			name = "Embed Foundation Extensions";
			runOnlyForDeploymentPostprocessing = 0;
		};
/* End PBXCopyFilesBuildPhase section */

/* Begin PBXFileReference section */
		058557D8273AAEEB004C7B11 /* Preview Assets.xcassets */ = {isa = PBXFileReference; lastKnownFileType = folder.assetcatalog; path = "Preview Assets.xcassets"; sourceTree = "<group>"; };
		09A7BDAA2E84EB60006DAC5D /* SeasonalUtils.swift */ = {isa = PBXFileReference; lastKnownFileType = sourcecode.swift; path = SeasonalUtils.swift; sourceTree = "<group>"; };
		09BC03722E7A59280067FC7D /* FontExtensions.swift */ = {isa = PBXFileReference; lastKnownFileType = sourcecode.swift; path = FontExtensions.swift; sourceTree = "<group>"; };
		09E0CAB62E712B0400FAB725 /* Assets.xcassets */ = {isa = PBXFileReference; lastKnownFileType = folder.assetcatalog; path = Assets.xcassets; sourceTree = "<group>"; };
		2152FB032600AC8F00CF470E /* iOSApp.swift */ = {isa = PBXFileReference; lastKnownFileType = sourcecode.swift; path = iOSApp.swift; sourceTree = "<group>"; };
		7555FF7B242A565900829871 /* Departures for PATH.app */ = {isa = PBXFileReference; explicitFileType = wrapper.application; includeInIndex = 0; path = "Departures for PATH.app"; sourceTree = BUILT_PRODUCTS_DIR; };
		7555FF82242A565900829871 /* ContentView.swift */ = {isa = PBXFileReference; lastKnownFileType = sourcecode.swift; path = ContentView.swift; sourceTree = "<group>"; };
		7555FF8C242A565B00829871 /* Info.plist */ = {isa = PBXFileReference; lastKnownFileType = text.plist.xml; path = Info.plist; sourceTree = "<group>"; };
		AA34DA362BB0F7F600DB50A0 /* Assets.xcassets */ = {isa = PBXFileReference; lastKnownFileType = folder.assetcatalog; path = Assets.xcassets; sourceTree = "<group>"; };
		AA53B2142BC8EF920042009B /* iosApp.entitlements */ = {isa = PBXFileReference; lastKnownFileType = text.plist.entitlements; path = iosApp.entitlements; sourceTree = "<group>"; };
		AA53B2152BC8EF9E0042009B /* widgetExtension.entitlements */ = {isa = PBXFileReference; lastKnownFileType = text.plist.entitlements; path = widgetExtension.entitlements; sourceTree = "<group>"; };
		AA9B5F7B2C1F831C00251F59 /* DepartureBoardStations.swift */ = {isa = PBXFileReference; lastKnownFileType = sourcecode.swift; path = DepartureBoardStations.swift; sourceTree = "<group>"; };
		AA9B5F7D2C1F83C100251F59 /* ViewExtensions.swift */ = {isa = PBXFileReference; lastKnownFileType = sourcecode.swift; path = ViewExtensions.swift; sourceTree = "<group>"; };
		AA9B5F7F2C1FC7B000251F59 /* UngroupedStationView.swift */ = {isa = PBXFileReference; lastKnownFileType = sourcecode.swift; path = UngroupedStationView.swift; sourceTree = "<group>"; };
		AA9B5F812C23380B00251F59 /* GroupedStationView.swift */ = {isa = PBXFileReference; lastKnownFileType = sourcecode.swift; path = GroupedStationView.swift; sourceTree = "<group>"; };
		AA9B5F832C23383800251F59 /* ColorCircle.swift */ = {isa = PBXFileReference; lastKnownFileType = sourcecode.swift; path = ColorCircle.swift; sourceTree = "<group>"; };
		AA9B5F852C233A6900251F59 /* StationTitle.swift */ = {isa = PBXFileReference; lastKnownFileType = sourcecode.swift; path = StationTitle.swift; sourceTree = "<group>"; };
		AA9B5F872C23785800251F59 /* EntryView.swift */ = {isa = PBXFileReference; lastKnownFileType = sourcecode.swift; path = EntryView.swift; sourceTree = "<group>"; };
		AAB47C172B15A46400079022 /* widgetExtension.appex */ = {isa = PBXFileReference; explicitFileType = "wrapper.app-extension"; includeInIndex = 0; path = widgetExtension.appex; sourceTree = BUILT_PRODUCTS_DIR; };
		AAB47C182B15A46400079022 /* WidgetKit.framework */ = {isa = PBXFileReference; lastKnownFileType = wrapper.framework; name = WidgetKit.framework; path = System/Library/Frameworks/WidgetKit.framework; sourceTree = SDKROOT; };
		AAB47C1A2B15A46400079022 /* SwiftUI.framework */ = {isa = PBXFileReference; lastKnownFileType = wrapper.framework; name = SwiftUI.framework; path = System/Library/Frameworks/SwiftUI.framework; sourceTree = SDKROOT; };
		AAB47C1D2B15A46400079022 /* widgetBundle.swift */ = {isa = PBXFileReference; lastKnownFileType = sourcecode.swift; path = widgetBundle.swift; sourceTree = "<group>"; };
		AAB47C1F2B15A46400079022 /* widget.swift */ = {isa = PBXFileReference; lastKnownFileType = sourcecode.swift; path = widget.swift; sourceTree = "<group>"; };
		AAB47C252B15A46500079022 /* Info.plist */ = {isa = PBXFileReference; lastKnownFileType = text.plist.xml; path = Info.plist; sourceTree = "<group>"; };
		AAB47C322B15AAF500079022 /* DepartureBoardView.swift */ = {isa = PBXFileReference; lastKnownFileType = sourcecode.swift; path = DepartureBoardView.swift; sourceTree = "<group>"; };
		AAB47C342B15AB4200079022 /* ConfigurationAppIntent.swift */ = {isa = PBXFileReference; lastKnownFileType = sourcecode.swift; path = ConfigurationAppIntent.swift; sourceTree = "<group>"; };
		AAB47C362B15AB5D00079022 /* Interop.swift */ = {isa = PBXFileReference; lastKnownFileType = sourcecode.swift; path = Interop.swift; sourceTree = "<group>"; };
		AAB47C382B15AB7700079022 /* WidgetConfigurationUtils.swift */ = {isa = PBXFileReference; lastKnownFileType = sourcecode.swift; path = WidgetConfigurationUtils.swift; sourceTree = "<group>"; };
		AAB47C3D2B15ABB800079022 /* EmptyDepartureBoardView.swift */ = {isa = PBXFileReference; lastKnownFileType = sourcecode.swift; path = EmptyDepartureBoardView.swift; sourceTree = "<group>"; };
		AAB47C3F2B15AD2300079022 /* RefreshIntent.swift */ = {isa = PBXFileReference; lastKnownFileType = sourcecode.swift; path = RefreshIntent.swift; sourceTree = "<group>"; };
		AAB47C412B15AD3200079022 /* WidgetInterop.swift */ = {isa = PBXFileReference; lastKnownFileType = sourcecode.swift; path = WidgetInterop.swift; sourceTree = "<group>"; };
		AAB47C432B15AD4000079022 /* FetchResult.swift */ = {isa = PBXFileReference; lastKnownFileType = sourcecode.swift; path = FetchResult.swift; sourceTree = "<group>"; };
		AAB47C472B1660D800079022 /* Localizable.xcstrings */ = {isa = PBXFileReference; lastKnownFileType = text.json.xcstrings; path = Localizable.xcstrings; sourceTree = "<group>"; };
		AAB47C492B16625300079022 /* InfoPlist.xcstrings */ = {isa = PBXFileReference; lastKnownFileType = text.json.xcstrings; path = InfoPlist.xcstrings; sourceTree = "<group>"; };
		AAD500052B7275F400D6F505 /* GoogleService-Info.plist */ = {isa = PBXFileReference; fileEncoding = 4; lastKnownFileType = text.plist.xml; path = "GoogleService-Info.plist"; sourceTree = "<group>"; };
		AAD5000B2B72768800D6F505 /* AppDelegate.swift */ = {isa = PBXFileReference; lastKnownFileType = sourcecode.swift; path = AppDelegate.swift; sourceTree = "<group>"; };
		AAD56F252D0BF449001EE80B /* WidgetReloader.swift */ = {isa = PBXFileReference; lastKnownFileType = sourcecode.swift; path = WidgetReloader.swift; sourceTree = "<group>"; };
		AAF007B22C4DC88600D54649 /* LocationHelper.swift */ = {isa = PBXFileReference; lastKnownFileType = sourcecode.swift; path = LocationHelper.swift; sourceTree = "<group>"; };
		AB3632DC29227652001CCB65 /* Config.xcconfig */ = {isa = PBXFileReference; fileEncoding = 4; lastKnownFileType = text.xcconfig; path = Config.xcconfig; sourceTree = "<group>"; };
/* End PBXFileReference section */

/* Begin PBXFrameworksBuildPhase section */
		AAB47C142B15A46400079022 /* Frameworks */ = {
			isa = PBXFrameworksBuildPhase;
			buildActionMask = 2147483647;
			files = (
				AAB47C1B2B15A46400079022 /* SwiftUI.framework in Frameworks */,
				AAB47C192B15A46400079022 /* WidgetKit.framework in Frameworks */,
				091BEDE72E6FCC440034EE6E /* FirebaseAnalytics in Frameworks */,
			);
			runOnlyForDeploymentPostprocessing = 0;
		};
		AAD5000E2B72781500D6F505 /* Frameworks */ = {
			isa = PBXFrameworksBuildPhase;
			buildActionMask = 2147483647;
			files = (
				AAC0B8282B7278DD00DC7552 /* FirebaseCrashlytics in Frameworks */,
				AAC0B8272B7278DD00DC7552 /* FirebaseAnalyticsWithoutAdIdSupport in Frameworks */,
				AAD500122B72783400D6F505 /* FirebasePerformance in Frameworks */,
				091BEDE52E6FCC300034EE6E /* FirebaseAnalytics in Frameworks */,
				AAD500102B72782000D6F505 /* FirebaseAnalyticsSwift in Frameworks */,
			);
			runOnlyForDeploymentPostprocessing = 0;
		};
/* End PBXFrameworksBuildPhase section */

/* Begin PBXGroup section */
		058557D7273AAEEB004C7B11 /* Preview Content */ = {
			isa = PBXGroup;
			children = (
				058557D8273AAEEB004C7B11 /* Preview Assets.xcassets */,
			);
			path = "Preview Content";
			sourceTree = "<group>";
		};
		42799AB246E5F90AF97AA0EF /* Frameworks */ = {
			isa = PBXGroup;
			children = (
				AAB47C182B15A46400079022 /* WidgetKit.framework */,
				AAB47C1A2B15A46400079022 /* SwiftUI.framework */,
			);
			name = Frameworks;
			sourceTree = "<group>";
		};
		7555FF72242A565900829871 = {
			isa = PBXGroup;
			children = (
				AA53B2152BC8EF9E0042009B /* widgetExtension.entitlements */,
				AB1DB47929225F7C00F7AF9C /* Configuration */,
				7555FF7D242A565900829871 /* iosApp */,
				AAB47C1C2B15A46400079022 /* widget */,
				7555FF7C242A565900829871 /* Products */,
				42799AB246E5F90AF97AA0EF /* Frameworks */,
			);
			sourceTree = "<group>";
		};
		7555FF7C242A565900829871 /* Products */ = {
			isa = PBXGroup;
			children = (
				7555FF7B242A565900829871 /* Departures for PATH.app */,
				AAB47C172B15A46400079022 /* widgetExtension.appex */,
			);
			name = Products;
			sourceTree = "<group>";
		};
		7555FF7D242A565900829871 /* iosApp */ = {
			isa = PBXGroup;
			children = (
				AA53B2142BC8EF920042009B /* iosApp.entitlements */,
				AAD500052B7275F400D6F505 /* GoogleService-Info.plist */,
				7555FF82242A565900829871 /* ContentView.swift */,
				7555FF8C242A565B00829871 /* Info.plist */,
				2152FB032600AC8F00CF470E /* iOSApp.swift */,
				058557D7273AAEEB004C7B11 /* Preview Content */,
				AAB47C492B16625300079022 /* InfoPlist.xcstrings */,
				AAD5000B2B72768800D6F505 /* AppDelegate.swift */,
				AA34DA362BB0F7F600DB50A0 /* Assets.xcassets */,
				AAF007B22C4DC88600D54649 /* LocationHelper.swift */,
				AAD56F252D0BF449001EE80B /* WidgetReloader.swift */,
			);
			path = iosApp;
			sourceTree = "<group>";
		};
		AAB47C1C2B15A46400079022 /* widget */ = {
			isa = PBXGroup;
			children = (
				09A7BDAA2E84EB60006DAC5D /* SeasonalUtils.swift */,
				09BC03722E7A59280067FC7D /* FontExtensions.swift */,
				09E0CAB62E712B0400FAB725 /* Assets.xcassets */,
				AAB47C1D2B15A46400079022 /* widgetBundle.swift */,
				AAB47C1F2B15A46400079022 /* widget.swift */,
				AAB47C252B15A46500079022 /* Info.plist */,
				AAB47C322B15AAF500079022 /* DepartureBoardView.swift */,
				AAB47C342B15AB4200079022 /* ConfigurationAppIntent.swift */,
				AAB47C362B15AB5D00079022 /* Interop.swift */,
				AAB47C382B15AB7700079022 /* WidgetConfigurationUtils.swift */,
				AAB47C3D2B15ABB800079022 /* EmptyDepartureBoardView.swift */,
				AAB47C3F2B15AD2300079022 /* RefreshIntent.swift */,
				AAB47C412B15AD3200079022 /* WidgetInterop.swift */,
				AAB47C432B15AD4000079022 /* FetchResult.swift */,
				AAB47C472B1660D800079022 /* Localizable.xcstrings */,
				AA9B5F7B2C1F831C00251F59 /* DepartureBoardStations.swift */,
				AA9B5F7D2C1F83C100251F59 /* ViewExtensions.swift */,
				AA9B5F7F2C1FC7B000251F59 /* UngroupedStationView.swift */,
				AA9B5F812C23380B00251F59 /* GroupedStationView.swift */,
				AA9B5F832C23383800251F59 /* ColorCircle.swift */,
				AA9B5F852C233A6900251F59 /* StationTitle.swift */,
				AA9B5F872C23785800251F59 /* EntryView.swift */,
			);
			path = widget;
			sourceTree = "<group>";
		};
		AB1DB47929225F7C00F7AF9C /* Configuration */ = {
			isa = PBXGroup;
			children = (
				AB3632DC29227652001CCB65 /* Config.xcconfig */,
			);
			path = Configuration;
			sourceTree = "<group>";
		};
/* End PBXGroup section */

/* Begin PBXNativeTarget section */
		7555FF7A242A565900829871 /* iosApp */ = {
			isa = PBXNativeTarget;
			buildConfigurationList = 7555FFA5242A565B00829871 /* Build configuration list for PBXNativeTarget "iosApp" */;
			buildPhases = (
				F36B1CEB2AD83DDC00CB74D5 /* Compile Kotlin Framework */,
				7555FF77242A565900829871 /* Sources */,
				7555FF79242A565900829871 /* Resources */,
				AAD5000E2B72781500D6F505 /* Frameworks */,
				AAB47C2C2B15A46500079022 /* Embed Foundation Extensions */,
				AAD5000D2B72774E00D6F505 /* Upload DYSM to Crashlytics */,
			);
			buildRules = (
			);
			dependencies = (
				AAB47C272B15A46500079022 /* PBXTargetDependency */,
			);
			name = iosApp;
			packageProductDependencies = (
				AAD500092B72764A00D6F505 /* FirebaseAnalyticsWithoutAdIdSupport */,
				AAD5000A2B72764A00D6F505 /* FirebaseCrashlytics */,
				AAD5000F2B72782000D6F505 /* FirebaseAnalyticsSwift */,
				AAD500112B72783400D6F505 /* FirebasePerformance */,
				091BEDE42E6FCC300034EE6E /* FirebaseAnalytics */,
			);
			productName = iosApp;
			productReference = 7555FF7B242A565900829871 /* Departures for PATH.app */;
			productType = "com.apple.product-type.application";
		};
		AAB47C162B15A46400079022 /* widgetExtension */ = {
			isa = PBXNativeTarget;
			buildConfigurationList = AAB47C292B15A46500079022 /* Build configuration list for PBXNativeTarget "widgetExtension" */;
			buildPhases = (
				AAB47C312B15A7FA00079022 /* Compile Kotlin Framework */,
				AAB47C132B15A46400079022 /* Sources */,
				AAB47C142B15A46400079022 /* Frameworks */,
				AAB47C152B15A46400079022 /* Resources */,
			);
			buildRules = (
			);
			dependencies = (
			);
			name = widgetExtension;
			productName = widgetExtension;
			productReference = AAB47C172B15A46400079022 /* widgetExtension.appex */;
			productType = "com.apple.product-type.app-extension";
		};
/* End PBXNativeTarget section */

/* Begin PBXProject section */
		7555FF73242A565900829871 /* Project object */ = {
			isa = PBXProject;
			attributes = {
				BuildIndependentTargetsInParallel = YES;
				LastSwiftUpdateCheck = 1500;
				LastUpgradeCheck = 1640;
				ORGANIZATIONNAME = orgName;
				TargetAttributes = {
					7555FF7A242A565900829871 = {
						CreatedOnToolsVersion = 11.3.1;
					};
					AAB47C162B15A46400079022 = {
						CreatedOnToolsVersion = 15.0.1;
					};
				};
			};
			buildConfigurationList = 7555FF76242A565900829871 /* Build configuration list for PBXProject "iosApp" */;
			compatibilityVersion = "Xcode 9.3";
			developmentRegion = en;
			hasScannedForEncodings = 0;
			knownRegions = (
				en,
				Base,
				es,
			);
			mainGroup = 7555FF72242A565900829871;
			packageReferences = (
				AAD500082B72764A00D6F505 /* XCRemoteSwiftPackageReference "firebase-ios-sdk" */,
			);
			productRefGroup = 7555FF7C242A565900829871 /* Products */;
			projectDirPath = "";
			projectRoot = "";
			targets = (
				7555FF7A242A565900829871 /* iosApp */,
				AAB47C162B15A46400079022 /* widgetExtension */,
			);
		};
/* End PBXProject section */

/* Begin PBXResourcesBuildPhase section */
		7555FF79242A565900829871 /* Resources */ = {
			isa = PBXResourcesBuildPhase;
			buildActionMask = 2147483647;
			files = (
				AAB47C4A2B16625300079022 /* InfoPlist.xcstrings in Resources */,
				058557D9273AAEEB004C7B11 /* Preview Assets.xcassets in Resources */,
				AA34DA372BB0F7F600DB50A0 /* Assets.xcassets in Resources */,
				AAD500062B7275F400D6F505 /* GoogleService-Info.plist in Resources */,
			);
			runOnlyForDeploymentPostprocessing = 0;
		};
		AAB47C152B15A46400079022 /* Resources */ = {
			isa = PBXResourcesBuildPhase;
			buildActionMask = 2147483647;
			files = (
				AAB47C482B1660D800079022 /* Localizable.xcstrings in Resources */,
				AA34DA382BB0F7F600DB50A0 /* Assets.xcassets in Resources */,
				09E0CAB72E712B0400FAB725 /* Assets.xcassets in Resources */,
				AAD500072B7275F400D6F505 /* GoogleService-Info.plist in Resources */,
			);
			runOnlyForDeploymentPostprocessing = 0;
		};
/* End PBXResourcesBuildPhase section */

/* Begin PBXShellScriptBuildPhase section */
		AAB47C312B15A7FA00079022 /* Compile Kotlin Framework */ = {
			isa = PBXShellScriptBuildPhase;
			buildActionMask = 2147483647;
			files = (
			);
			inputFileListPaths = (
			);
			inputPaths = (
			);
			name = "Compile Kotlin Framework";
			outputFileListPaths = (
			);
			outputPaths = (
				"$(SRCROOT)/../composeApp/build/xcode-frameworks/$(CONFIGURATION)/$(SDK_NAME)/composeApp.framework",
			);
			runOnlyForDeploymentPostprocessing = 0;
			shellPath = /bin/sh;
			shellScript = "\"$SRCROOT/build-kotlin-framework.sh\"";
		};
		AAD5000D2B72774E00D6F505 /* Upload DYSM to Crashlytics */ = {
			isa = PBXShellScriptBuildPhase;
			buildActionMask = 2147483647;
			files = (
			);
			inputFileListPaths = (
			);
			inputPaths = (
				"${DWARF_DSYM_FOLDER_PATH}/${DWARF_DSYM_FILE_NAME}",
				"${DWARF_DSYM_FOLDER_PATH}/${DWARF_DSYM_FILE_NAME}/Contents/Resources/DWARF/${PRODUCT_NAME}",
				"${DWARF_DSYM_FOLDER_PATH}/${DWARF_DSYM_FILE_NAME}/Contents/Info.plist",
				"$(TARGET_BUILD_DIR)/$(UNLOCALIZED_RESOURCES_FOLDER_PATH)/GoogleService-Info.plist",
				"$(TARGET_BUILD_DIR)/$(EXECUTABLE_PATH)",
			);
			name = "Upload DYSM to Crashlytics";
			outputFileListPaths = (
			);
			outputPaths = (
			);
			runOnlyForDeploymentPostprocessing = 0;
			shellPath = /bin/sh;
			shellScript = "# Type a script or drag a script file from your workspace to insert its path.\n\"${BUILD_DIR%/Build/*}/SourcePackages/checkouts/firebase-ios-sdk/Crashlytics/run\"\n";
		};
		F36B1CEB2AD83DDC00CB74D5 /* Compile Kotlin Framework */ = {
			isa = PBXShellScriptBuildPhase;
			buildActionMask = 2147483647;
			files = (
			);
			inputFileListPaths = (
			);
			inputPaths = (
			);
			name = "Compile Kotlin Framework";
			outputFileListPaths = (
			);
			outputPaths = (
			);
			runOnlyForDeploymentPostprocessing = 0;
			shellPath = /bin/sh;
			shellScript = "if [ \"YES\" = \"$OVERRIDE_KOTLIN_BUILD_IDE_SUPPORTED\" ]; then\n  echo \"Skipping Gradle build task invocation due to OVERRIDE_KOTLIN_BUILD_IDE_SUPPORTED environment variable set to \\\"YES\\\"\"\n  exit 0\nfi\ncd \"$SRCROOT/..\"\n./gradlew :composeApp:embedAndSignAppleFrameworkForXcode\n";
		};
/* End PBXShellScriptBuildPhase section */

/* Begin PBXSourcesBuildPhase section */
		7555FF77242A565900829871 /* Sources */ = {
			isa = PBXSourcesBuildPhase;
			buildActionMask = 2147483647;
			files = (
				AAF007B32C4DC88600D54649 /* LocationHelper.swift in Sources */,
				AAB47C462B165AC300079022 /* Interop.swift in Sources */,
				2152FB042600AC8F00CF470E /* iOSApp.swift in Sources */,
				AAD5000C2B72768800D6F505 /* AppDelegate.swift in Sources */,
				7555FF83242A565900829871 /* ContentView.swift in Sources */,
				AAD56F262D0BF449001EE80B /* WidgetReloader.swift in Sources */,
			);
			runOnlyForDeploymentPostprocessing = 0;
		};
		AAB47C132B15A46400079022 /* Sources */ = {
			isa = PBXSourcesBuildPhase;
			buildActionMask = 2147483647;
			files = (
				AAB47C3E2B15ABB800079022 /* EmptyDepartureBoardView.swift in Sources */,
				AAD56F272D0BF449001EE80B /* WidgetReloader.swift in Sources */,
				09BC03732E7A59280067FC7D /* FontExtensions.swift in Sources */,
				AA9B5F862C233A6900251F59 /* StationTitle.swift in Sources */,
				AAB47C442B15AD4000079022 /* FetchResult.swift in Sources */,
				AA9B5F842C23383800251F59 /* ColorCircle.swift in Sources */,
				AAB47C422B15AD3200079022 /* WidgetInterop.swift in Sources */,
				AAB47C3A2B15AB9600079022 /* DepartureBoardView.swift in Sources */,
				AAF007B42C4DC88600D54649 /* LocationHelper.swift in Sources */,
				AA9B5F822C23380B00251F59 /* GroupedStationView.swift in Sources */,
				AA9B5F7C2C1F831C00251F59 /* DepartureBoardStations.swift in Sources */,
				AAB47C3B2B15AB9600079022 /* ConfigurationAppIntent.swift in Sources */,
				AA9B5F802C1FC7B000251F59 /* UngroupedStationView.swift in Sources */,
				AAB47C3C2B15AB9600079022 /* Interop.swift in Sources */,
				AAB47C392B15AB7700079022 /* WidgetConfigurationUtils.swift in Sources */,
				AAB47C1E2B15A46400079022 /* widgetBundle.swift in Sources */,
				AAB47C202B15A46400079022 /* widget.swift in Sources */,
				AA9B5F7E2C1F83C100251F59 /* ViewExtensions.swift in Sources */,
				09A7BDAB2E84EB60006DAC5D /* SeasonalUtils.swift in Sources */,
				AA9B5F882C23785800251F59 /* EntryView.swift in Sources */,
				AAB47C402B15AD2300079022 /* RefreshIntent.swift in Sources */,
			);
			runOnlyForDeploymentPostprocessing = 0;
		};
/* End PBXSourcesBuildPhase section */

/* Begin PBXTargetDependency section */
		AAB47C272B15A46500079022 /* PBXTargetDependency */ = {
			isa = PBXTargetDependency;
			target = AAB47C162B15A46400079022 /* widgetExtension */;
			targetProxy = AAB47C262B15A46500079022 /* PBXContainerItemProxy */;
		};
/* End PBXTargetDependency section */

/* Begin XCBuildConfiguration section */
		7555FFA3242A565B00829871 /* Debug */ = {
			isa = XCBuildConfiguration;
			baseConfigurationReference = AB3632DC29227652001CCB65 /* Config.xcconfig */;
			buildSettings = {
				ALWAYS_SEARCH_USER_PATHS = NO;
				CLANG_ANALYZER_LOCALIZABILITY_NONLOCALIZED = YES;
				CLANG_ANALYZER_NONNULL = YES;
				CLANG_ANALYZER_NUMBER_OBJECT_CONVERSION = YES_AGGRESSIVE;
				CLANG_CXX_LANGUAGE_STANDARD = "gnu++14";
				CLANG_CXX_LIBRARY = "libc++";
				CLANG_ENABLE_MODULES = YES;
				CLANG_ENABLE_OBJC_ARC = YES;
				CLANG_ENABLE_OBJC_WEAK = YES;
				CLANG_WARN_BLOCK_CAPTURE_AUTORELEASING = YES;
				CLANG_WARN_BOOL_CONVERSION = YES;
				CLANG_WARN_COMMA = YES;
				CLANG_WARN_CONSTANT_CONVERSION = YES;
				CLANG_WARN_DEPRECATED_OBJC_IMPLEMENTATIONS = YES;
				CLANG_WARN_DIRECT_OBJC_ISA_USAGE = YES_ERROR;
				CLANG_WARN_DOCUMENTATION_COMMENTS = YES;
				CLANG_WARN_EMPTY_BODY = YES;
				CLANG_WARN_ENUM_CONVERSION = YES;
				CLANG_WARN_INFINITE_RECURSION = YES;
				CLANG_WARN_INT_CONVERSION = YES;
				CLANG_WARN_NON_LITERAL_NULL_CONVERSION = YES;
				CLANG_WARN_OBJC_IMPLICIT_RETAIN_SELF = YES;
				CLANG_WARN_OBJC_LITERAL_CONVERSION = YES;
				CLANG_WARN_OBJC_ROOT_CLASS = YES_ERROR;
				CLANG_WARN_QUOTED_INCLUDE_IN_FRAMEWORK_HEADER = YES;
				CLANG_WARN_RANGE_LOOP_ANALYSIS = YES;
				CLANG_WARN_STRICT_PROTOTYPES = YES;
				CLANG_WARN_SUSPICIOUS_MOVE = YES;
				CLANG_WARN_UNGUARDED_AVAILABILITY = YES_AGGRESSIVE;
				CLANG_WARN_UNREACHABLE_CODE = YES;
				CLANG_WARN__DUPLICATE_METHOD_MATCH = YES;
				COPY_PHASE_STRIP = NO;
				DEBUG_INFORMATION_FORMAT = "dwarf-with-dsym";
				DEVELOPMENT_TEAM = VT9SJH7UKQ;
				ENABLE_STRICT_OBJC_MSGSEND = YES;
				ENABLE_TESTABILITY = YES;
				GCC_C_LANGUAGE_STANDARD = gnu11;
				GCC_DYNAMIC_NO_PIC = NO;
				GCC_NO_COMMON_BLOCKS = YES;
				GCC_OPTIMIZATION_LEVEL = 0;
				GCC_PREPROCESSOR_DEFINITIONS = (
					"DEBUG=1",
					"$(inherited)",
				);
				GCC_WARN_64_TO_32_BIT_CONVERSION = YES;
				GCC_WARN_ABOUT_RETURN_TYPE = YES_ERROR;
				GCC_WARN_UNDECLARED_SELECTOR = YES;
				GCC_WARN_UNINITIALIZED_AUTOS = YES_AGGRESSIVE;
				GCC_WARN_UNUSED_FUNCTION = YES;
				GCC_WARN_UNUSED_VARIABLE = YES;
				IPHONEOS_DEPLOYMENT_TARGET = 17.0;
				MTL_ENABLE_DEBUG_INFO = INCLUDE_SOURCE;
				MTL_FAST_MATH = YES;
				ONLY_ACTIVE_ARCH = YES;
				SDKROOT = iphoneos;
				SWIFT_ACTIVE_COMPILATION_CONDITIONS = DEBUG;
				SWIFT_OPTIMIZATION_LEVEL = "-Onone";
			};
			name = Debug;
		};
		7555FFA4242A565B00829871 /* Release */ = {
			isa = XCBuildConfiguration;
			baseConfigurationReference = AB3632DC29227652001CCB65 /* Config.xcconfig */;
			buildSettings = {
				ALWAYS_SEARCH_USER_PATHS = NO;
				CLANG_ANALYZER_LOCALIZABILITY_NONLOCALIZED = YES;
				CLANG_ANALYZER_NONNULL = YES;
				CLANG_ANALYZER_NUMBER_OBJECT_CONVERSION = YES_AGGRESSIVE;
				CLANG_CXX_LANGUAGE_STANDARD = "gnu++14";
				CLANG_CXX_LIBRARY = "libc++";
				CLANG_ENABLE_MODULES = YES;
				CLANG_ENABLE_OBJC_ARC = YES;
				CLANG_ENABLE_OBJC_WEAK = YES;
				CLANG_WARN_BLOCK_CAPTURE_AUTORELEASING = YES;
				CLANG_WARN_BOOL_CONVERSION = YES;
				CLANG_WARN_COMMA = YES;
				CLANG_WARN_CONSTANT_CONVERSION = YES;
				CLANG_WARN_DEPRECATED_OBJC_IMPLEMENTATIONS = YES;
				CLANG_WARN_DIRECT_OBJC_ISA_USAGE = YES_ERROR;
				CLANG_WARN_DOCUMENTATION_COMMENTS = YES;
				CLANG_WARN_EMPTY_BODY = YES;
				CLANG_WARN_ENUM_CONVERSION = YES;
				CLANG_WARN_INFINITE_RECURSION = YES;
				CLANG_WARN_INT_CONVERSION = YES;
				CLANG_WARN_NON_LITERAL_NULL_CONVERSION = YES;
				CLANG_WARN_OBJC_IMPLICIT_RETAIN_SELF = YES;
				CLANG_WARN_OBJC_LITERAL_CONVERSION = YES;
				CLANG_WARN_OBJC_ROOT_CLASS = YES_ERROR;
				CLANG_WARN_QUOTED_INCLUDE_IN_FRAMEWORK_HEADER = YES;
				CLANG_WARN_RANGE_LOOP_ANALYSIS = YES;
				CLANG_WARN_STRICT_PROTOTYPES = YES;
				CLANG_WARN_SUSPICIOUS_MOVE = YES;
				CLANG_WARN_UNGUARDED_AVAILABILITY = YES_AGGRESSIVE;
				CLANG_WARN_UNREACHABLE_CODE = YES;
				CLANG_WARN__DUPLICATE_METHOD_MATCH = YES;
				COPY_PHASE_STRIP = NO;
				DEBUG_INFORMATION_FORMAT = "dwarf-with-dsym";
				DEVELOPMENT_TEAM = VT9SJH7UKQ;
				ENABLE_NS_ASSERTIONS = NO;
				ENABLE_STRICT_OBJC_MSGSEND = YES;
				GCC_C_LANGUAGE_STANDARD = gnu11;
				GCC_NO_COMMON_BLOCKS = YES;
				GCC_WARN_64_TO_32_BIT_CONVERSION = YES;
				GCC_WARN_ABOUT_RETURN_TYPE = YES_ERROR;
				GCC_WARN_UNDECLARED_SELECTOR = YES;
				GCC_WARN_UNINITIALIZED_AUTOS = YES_AGGRESSIVE;
				GCC_WARN_UNUSED_FUNCTION = YES;
				GCC_WARN_UNUSED_VARIABLE = YES;
				IPHONEOS_DEPLOYMENT_TARGET = 17.0;
				MTL_ENABLE_DEBUG_INFO = NO;
				MTL_FAST_MATH = YES;
				SDKROOT = iphoneos;
				SWIFT_COMPILATION_MODE = wholemodule;
				SWIFT_OPTIMIZATION_LEVEL = "-O";
				VALIDATE_PRODUCT = YES;
			};
			name = Release;
		};
		7555FFA6242A565B00829871 /* Debug */ = {
			isa = XCBuildConfiguration;
			buildSettings = {
				ASSETCATALOG_COMPILER_APPICON_NAME = AppIcon;
				BUNDLE_ID = com.desaiwang.transit.path;
				CODE_SIGN_ENTITLEMENTS = iosApp/iosApp.entitlements;
				CODE_SIGN_IDENTITY = "Apple Development";
				CODE_SIGN_STYLE = Automatic;
				DEVELOPMENT_ASSET_PATHS = "\"iosApp/Preview Content\"";
				DEVELOPMENT_TEAM = N432DR3PWD;
				ENABLE_PREVIEWS = YES;
				FRAMEWORK_SEARCH_PATHS = (
					"$(SRCROOT)/../shared/build/xcode-frameworks/$(CONFIGURATION)/$(SDK_NAME)\n$(SRCROOT)/../composeApp/build/xcode-frameworks/$(CONFIGURATION)/$(SDK_NAME)",
				);
				INFOPLIST_FILE = iosApp/Info.plist;
				INFOPLIST_KEY_LSApplicationCategoryType = "public.app-category.travel";
				IPHONEOS_DEPLOYMENT_TARGET = 17.0;
				LD_RUNPATH_SEARCH_PATHS = (
					"$(inherited)",
					"@executable_path/Frameworks",
				);
				OTHER_LDFLAGS = (
					"$(inherited)",
					"-framework",
					composeApp,
					"-ObjC",
				);
				PRODUCT_BUNDLE_IDENTIFIER = "${BUNDLE_ID}${TEAM_ID}";
				"PRODUCT_BUNDLE_IDENTIFIER[sdk=iphoneos*]" = com.desaiwang.transit.path;
				PRODUCT_NAME = "${APP_NAME}";
				PROVISIONING_PROFILE_SPECIFIER = "";
				SUPPORTED_PLATFORMS = "iphoneos iphonesimulator";
				SUPPORTS_MACCATALYST = NO;
				SUPPORTS_MAC_DESIGNED_FOR_IPHONE_IPAD = NO;
				SUPPORTS_XR_DESIGNED_FOR_IPHONE_IPAD = NO;
				SWIFT_VERSION = 5.0;
				TARGETED_DEVICE_FAMILY = 1;
			};
			name = Debug;
		};
		7555FFA7242A565B00829871 /* Release */ = {
			isa = XCBuildConfiguration;
			buildSettings = {
				ASSETCATALOG_COMPILER_APPICON_NAME = AppIcon;
				BUNDLE_ID = com.desaiwang.transit.path;
				CODE_SIGN_ENTITLEMENTS = iosApp/iosApp.entitlements;
				CODE_SIGN_IDENTITY = "Apple Development";
				CODE_SIGN_STYLE = Automatic;
				DEVELOPMENT_ASSET_PATHS = "\"iosApp/Preview Content\"";
				DEVELOPMENT_TEAM = N432DR3PWD;
				ENABLE_PREVIEWS = YES;
				FRAMEWORK_SEARCH_PATHS = (
					"$(SRCROOT)/../shared/build/xcode-frameworks/$(CONFIGURATION)/$(SDK_NAME)\n$(SRCROOT)/../composeApp/build/xcode-frameworks/$(CONFIGURATION)/$(SDK_NAME)",
				);
				INFOPLIST_FILE = iosApp/Info.plist;
				INFOPLIST_KEY_LSApplicationCategoryType = "public.app-category.travel";
				IPHONEOS_DEPLOYMENT_TARGET = 17.0;
				LD_RUNPATH_SEARCH_PATHS = (
					"$(inherited)",
					"@executable_path/Frameworks",
				);
				OTHER_LDFLAGS = (
					"$(inherited)",
					"-framework",
					composeApp,
					"-ObjC",
				);
				PRODUCT_BUNDLE_IDENTIFIER = "${BUNDLE_ID}${TEAM_ID}";
				"PRODUCT_BUNDLE_IDENTIFIER[sdk=iphoneos*]" = com.desaiwang.transit.path;
				PRODUCT_NAME = "${APP_NAME}";
				PROVISIONING_PROFILE_SPECIFIER = "";
				SUPPORTED_PLATFORMS = "iphoneos iphonesimulator";
				SUPPORTS_MACCATALYST = NO;
				SUPPORTS_MAC_DESIGNED_FOR_IPHONE_IPAD = NO;
				SUPPORTS_XR_DESIGNED_FOR_IPHONE_IPAD = NO;
				SWIFT_VERSION = 5.0;
				TARGETED_DEVICE_FAMILY = 1;
			};
			name = Release;
		};
		AAB47C2A2B15A46500079022 /* Debug */ = {
			isa = XCBuildConfiguration;
			buildSettings = {
				ASSETCATALOG_COMPILER_GENERATE_SWIFT_ASSET_SYMBOL_EXTENSIONS = YES;
				ASSETCATALOG_COMPILER_GLOBAL_ACCENT_COLOR_NAME = AccentColor;
				ASSETCATALOG_COMPILER_WIDGET_BACKGROUND_COLOR_NAME = WidgetBackground;
				CLANG_CXX_LANGUAGE_STANDARD = "gnu++20";
				CODE_SIGN_ENTITLEMENTS = widgetExtension.entitlements;
				CODE_SIGN_IDENTITY = "Apple Development";
				CODE_SIGN_STYLE = Automatic;
				CURRENT_PROJECT_VERSION = 1;
				DEBUG_INFORMATION_FORMAT = dwarf;
				DEVELOPMENT_TEAM = N432DR3PWD;
				ENABLE_USER_SCRIPT_SANDBOXING = NO;
				FRAMEWORK_SEARCH_PATHS = (
					"$(SRCROOT)/../shared/build/xcode-frameworks/$(CONFIGURATION)/$(SDK_NAME)\n$(SRCROOT)/../composeApp/build/xcode-frameworks/$(CONFIGURATION)/$(SDK_NAME)",
				);
				GCC_C_LANGUAGE_STANDARD = gnu17;
				GENERATE_INFOPLIST_FILE = YES;
				INFOPLIST_FILE = widget/Info.plist;
				INFOPLIST_KEY_CFBundleDisplayName = widget;
				INFOPLIST_KEY_NSHumanReadableCopyright = "Copyright © 2023 orgName. All rights reserved.";
				IPHONEOS_DEPLOYMENT_TARGET = 17.0;
				LD_RUNPATH_SEARCH_PATHS = (
					"$(inherited)",
					"@executable_path/Frameworks",
					"@executable_path/../../Frameworks",
				);
				LOCALIZATION_PREFERS_STRING_CATALOGS = YES;
				MARKETING_VERSION = 1.0;
				OTHER_LDFLAGS = (
					"$(inherited)",
					"-framework",
					composeApp,
				);
				PRODUCT_BUNDLE_IDENTIFIER = com.desaiwang.transit.path.widget;
				PRODUCT_NAME = "$(TARGET_NAME)";
				SKIP_INSTALL = YES;
				SUPPORTED_PLATFORMS = "iphoneos iphonesimulator";
				SUPPORTS_MACCATALYST = NO;
				SUPPORTS_MAC_DESIGNED_FOR_IPHONE_IPAD = NO;
				SUPPORTS_XR_DESIGNED_FOR_IPHONE_IPAD = NO;
				SWIFT_ACTIVE_COMPILATION_CONDITIONS = "DEBUG $(inherited)";
				SWIFT_EMIT_LOC_STRINGS = YES;
				SWIFT_VERSION = 5.0;
				TARGETED_DEVICE_FAMILY = 1;
			};
			name = Debug;
		};
		AAB47C2B2B15A46500079022 /* Release */ = {
			isa = XCBuildConfiguration;
			buildSettings = {
				ASSETCATALOG_COMPILER_GENERATE_SWIFT_ASSET_SYMBOL_EXTENSIONS = YES;
				ASSETCATALOG_COMPILER_GLOBAL_ACCENT_COLOR_NAME = AccentColor;
				ASSETCATALOG_COMPILER_WIDGET_BACKGROUND_COLOR_NAME = WidgetBackground;
				CLANG_CXX_LANGUAGE_STANDARD = "gnu++20";
				CODE_SIGN_ENTITLEMENTS = widgetExtension.entitlements;
				CODE_SIGN_IDENTITY = "Apple Development";
				CODE_SIGN_STYLE = Automatic;
				CURRENT_PROJECT_VERSION = 1;
				DEVELOPMENT_TEAM = N432DR3PWD;
				ENABLE_USER_SCRIPT_SANDBOXING = NO;
				FRAMEWORK_SEARCH_PATHS = (
					"$(SRCROOT)/../shared/build/xcode-frameworks/$(CONFIGURATION)/$(SDK_NAME)\n$(SRCROOT)/../composeApp/build/xcode-frameworks/$(CONFIGURATION)/$(SDK_NAME)",
				);
				GCC_C_LANGUAGE_STANDARD = gnu17;
				GENERATE_INFOPLIST_FILE = YES;
				INFOPLIST_FILE = widget/Info.plist;
				INFOPLIST_KEY_CFBundleDisplayName = widget;
				INFOPLIST_KEY_NSHumanReadableCopyright = "Copyright © 2023 orgName. All rights reserved.";
				IPHONEOS_DEPLOYMENT_TARGET = 17.0;
				LD_RUNPATH_SEARCH_PATHS = (
					"$(inherited)",
					"@executable_path/Frameworks",
					"@executable_path/../../Frameworks",
				);
				LOCALIZATION_PREFERS_STRING_CATALOGS = YES;
				MARKETING_VERSION = 1.0;
				OTHER_LDFLAGS = (
					"$(inherited)",
					"-framework",
					composeApp,
				);
				PRODUCT_BUNDLE_IDENTIFIER = com.desaiwang.transit.path.widget;
				PRODUCT_NAME = "$(TARGET_NAME)";
				SKIP_INSTALL = YES;
				SUPPORTED_PLATFORMS = "iphoneos iphonesimulator";
				SUPPORTS_MACCATALYST = NO;
				SUPPORTS_MAC_DESIGNED_FOR_IPHONE_IPAD = NO;
				SUPPORTS_XR_DESIGNED_FOR_IPHONE_IPAD = NO;
				SWIFT_EMIT_LOC_STRINGS = YES;
				SWIFT_VERSION = 5.0;
				TARGETED_DEVICE_FAMILY = 1;
			};
			name = Release;
		};
/* End XCBuildConfiguration section */

/* Begin XCConfigurationList section */
		7555FF76242A565900829871 /* Build configuration list for PBXProject "iosApp" */ = {
			isa = XCConfigurationList;
			buildConfigurations = (
				7555FFA3242A565B00829871 /* Debug */,
				7555FFA4242A565B00829871 /* Release */,
			);
			defaultConfigurationIsVisible = 0;
			defaultConfigurationName = Release;
		};
		7555FFA5242A565B00829871 /* Build configuration list for PBXNativeTarget "iosApp" */ = {
			isa = XCConfigurationList;
			buildConfigurations = (
				7555FFA6242A565B00829871 /* Debug */,
				7555FFA7242A565B00829871 /* Release */,
			);
			defaultConfigurationIsVisible = 0;
			defaultConfigurationName = Release;
		};
		AAB47C292B15A46500079022 /* Build configuration list for PBXNativeTarget "widgetExtension" */ = {
			isa = XCConfigurationList;
			buildConfigurations = (
				AAB47C2A2B15A46500079022 /* Debug */,
				AAB47C2B2B15A46500079022 /* Release */,
			);
			defaultConfigurationIsVisible = 0;
			defaultConfigurationName = Release;
		};
/* End XCConfigurationList section */

/* Begin XCRemoteSwiftPackageReference section */
		AAD500082B72764A00D6F505 /* XCRemoteSwiftPackageReference "firebase-ios-sdk" */ = {
			isa = XCRemoteSwiftPackageReference;
			repositoryURL = "https://github.com/firebase/firebase-ios-sdk";
			requirement = {
				kind = upToNextMajorVersion;
				minimumVersion = 10.20.0;
			};
		};
/* End XCRemoteSwiftPackageReference section */

/* Begin XCSwiftPackageProductDependency section */
		091BEDE42E6FCC300034EE6E /* FirebaseAnalytics */ = {
			isa = XCSwiftPackageProductDependency;
			package = AAD500082B72764A00D6F505 /* XCRemoteSwiftPackageReference "firebase-ios-sdk" */;
			productName = FirebaseAnalytics;
		};
		091BEDE62E6FCC440034EE6E /* FirebaseAnalytics */ = {
			isa = XCSwiftPackageProductDependency;
			package = AAD500082B72764A00D6F505 /* XCRemoteSwiftPackageReference "firebase-ios-sdk" */;
			productName = FirebaseAnalytics;
		};
		AAD500092B72764A00D6F505 /* FirebaseAnalyticsWithoutAdIdSupport */ = {
			isa = XCSwiftPackageProductDependency;
			package = AAD500082B72764A00D6F505 /* XCRemoteSwiftPackageReference "firebase-ios-sdk" */;
			productName = FirebaseAnalyticsWithoutAdIdSupport;
		};
		AAD5000A2B72764A00D6F505 /* FirebaseCrashlytics */ = {
			isa = XCSwiftPackageProductDependency;
			package = AAD500082B72764A00D6F505 /* XCRemoteSwiftPackageReference "firebase-ios-sdk" */;
			productName = FirebaseCrashlytics;
		};
		AAD5000F2B72782000D6F505 /* FirebaseAnalyticsSwift */ = {
			isa = XCSwiftPackageProductDependency;
			package = AAD500082B72764A00D6F505 /* XCRemoteSwiftPackageReference "firebase-ios-sdk" */;
			productName = FirebaseAnalyticsSwift;
		};
		AAD500112B72783400D6F505 /* FirebasePerformance */ = {
			isa = XCSwiftPackageProductDependency;
			package = AAD500082B72764A00D6F505 /* XCRemoteSwiftPackageReference "firebase-ios-sdk" */;
			productName = FirebasePerformance;
		};
/* End XCSwiftPackageProductDependency section */
	};
	rootObject = 7555FF73242A565900829871 /* Project object */;
}
